# This file is automatically @generated by Cargo.
# It is not intended for manual editing.
version = 4

[[package]]
name = "tks"
version = "0.1.0"
dependencies = [
 "tksbytecode",
 "tkscore",
 "tksvm",
]

[[package]]
name = "tksbytecode"
version = "0.1.0"
dependencies = [
 "tksir",
]

[[package]]
name = "tksc"
version = "0.1.0"
dependencies = [
 "tksbytecode",
 "tkscore",
 "tksir",
 "tkstypes",
]

[[package]]
name = "tkscore"
version = "0.1.0"

[[package]]
name = "tksir"
version = "0.1.0"
dependencies = [
 "tkscore",
 "tkstypes",
]

[[package]]
name = "tkstypes"
version = "0.1.0"
dependencies = [
 "tkscore",
]

[[package]]
name = "tksvm"
version = "0.1.0"
dependencies = [
 "tksbytecode",
]
